
Microsoft Visual Studio Solution File, Format Version 12.00
# Visual Studio 15
VisualStudioVersion = 15.0.28307.421
MinimumVisualStudioVersion = 10.0.40219.1
Project("{FAE04EC0-301F-11D3-BF4B-00C04F79EFBC}") = "truck.Android", "truck\truck.Android\truck.Android.csproj", "{6FE75369-EB27-4773-87A9-BFC5E4146C00}"
EndProject
Project("{FAE04EC0-301F-11D3-BF4B-00C04F79EFBC}") = "truck.iOS", "truck\truck.iOS\truck.iOS.csproj", "{6FDCD264-0B5F-46B5-BDD1-F13276A1905E}"
EndProject
Project("{FAE04EC0-301F-11D3-BF4B-00C04F79EFBC}") = "truck", "truck\truck\truck.csproj", "{FE30E9B4-01AD-489A-98D0-D1240BA94D09}"
EndProject
Global
	GlobalSection(SolutionConfigurationPlatforms) = preSolution
		Ad-Hoc|Any CPU = Ad-Hoc|Any CPU
		Ad-Hoc|iPhone = Ad-Hoc|iPhone
		Ad-Hoc|iPhoneSimulator = Ad-Hoc|iPhoneSimulator
		AppStore|Any CPU = AppStore|Any CPU
		AppStore|iPhone = AppStore|iPhone
		AppStore|iPhoneSimulator = AppStore|iPhoneSimulator
		Debug|Any CPU = Debug|Any CPU
		Debug|iPhone = Debug|iPhone
		Debug|iPhoneSimulator = Debug|iPhoneSimulator
		Release|Any CPU = Release|Any CPU
		Release|iPhone = Release|iPhone
		Release|iPhoneSimulator = Release|iPhoneSimulator
	EndGlobalSection
	GlobalSection(ProjectConfigurationPlatforms) = postSolution
		{6FE75369-EB27-4773-87A9-BFC5E4146C00}.Ad-Hoc|Any CPU.ActiveCfg = Release|Any CPU
		{6FE75369-EB27-4773-87A9-BFC5E4146C00}.Ad-Hoc|Any CPU.Build.0 = Release|Any CPU
		{6FE75369-EB27-4773-87A9-BFC5E4146C00}.Ad-Hoc|Any CPU.Deploy.0 = Release|Any CPU
		{6FE75369-EB27-4773-87A9-BFC5E4146C00}.Ad-Hoc|iPhone.ActiveCfg = Release|Any CPU
		{6FE75369-EB27-4773-87A9-BFC5E4146C00}.Ad-Hoc|iPhone.Build.0 = Release|Any CPU
		{6FE75369-EB27-4773-87A9-BFC5E4146C00}.Ad-Hoc|iPhone.Deploy.0 = Release|Any CPU
		{6FE75369-EB27-4773-87A9-BFC5E4146C00}.Ad-Hoc|iPhoneSimulator.ActiveCfg = Release|Any CPU
		{6FE75369-EB27-4773-87A9-BFC5E4146C00}.Ad-Hoc|iPhoneSimulator.Build.0 = Release|Any CPU
		{6FE75369-EB27-4773-87A9-BFC5E4146C00}.Ad-Hoc|iPhoneSimulator.Deploy.0 = Release|Any CPU
		{6FE75369-EB27-4773-87A9-BFC5E4146C00}.AppStore|Any CPU.ActiveCfg = Release|Any CPU
		{6FE75369-EB27-4773-87A9-BFC5E4146C00}.AppStore|Any CPU.Build.0 = Release|Any CPU
		{6FE75369-EB27-4773-87A9-BFC5E4146C00}.AppStore|Any CPU.Deploy.0 = Release|Any CPU
		{6FE75369-EB27-4773-87A9-BFC5E4146C00}.AppStore|iPhone.ActiveCfg = Release|Any CPU
		{6FE75369-EB27-4773-87A9-BFC5E4146C00}.AppStore|iPhone.Build.0 = Release|Any CPU
		{6FE75369-EB27-4773-87A9-BFC5E4146C00}.AppStore|iPhone.Deploy.0 = Release|Any CPU
		{6FE75369-EB27-4773-87A9-BFC5E4146C00}.AppStore|iPhoneSimulator.ActiveCfg = Release|Any CPU
		{6FE75369-EB27-4773-87A9-BFC5E4146C00}.AppStore|iPhoneSimulator.Build.0 = Release|Any CPU
		{6FE75369-EB27-4773-87A9-BFC5E4146C00}.AppStore|iPhoneSimulator.Deploy.0 = Release|Any CPU
		{6FE75369-EB27-4773-87A9-BFC5E4146C00}.Debug|Any CPU.ActiveCfg = Debug|Any CPU
		{6FE75369-EB27-4773-87A9-BFC5E4146C00}.Debug|Any CPU.Build.0 = Debug|Any CPU
		{6FE75369-EB27-4773-87A9-BFC5E4146C00}.Debug|Any CPU.Deploy.0 = Debug|Any CPU
		{6FE75369-EB27-4773-87A9-BFC5E4146C00}.Debug|iPhone.ActiveCfg = Debug|Any CPU
		{6FE75369-EB27-4773-87A9-BFC5E4146C00}.Debug|iPhone.Build.0 = Debug|Any CPU
		{6FE75369-EB27-4773-87A9-BFC5E4146C00}.Debug|iPhone.Deploy.0 = Debug|Any CPU
		{6FE75369-EB27-4773-87A9-BFC5E4146C00}.Debug|iPhoneSimulator.ActiveCfg = Debug|Any CPU
		{6FE75369-EB27-4773-87A9-BFC5E4146C00}.Debug|iPhoneSimulator.Build.0 = Debug|Any CPU
		{6FE75369-EB27-4773-87A9-BFC5E4146C00}.Debug|iPhoneSimulator.Deploy.0 = Debug|Any CPU
		{6FE75369-EB27-4773-87A9-BFC5E4146C00}.Release|Any CPU.ActiveCfg = Release|Any CPU
		{6FE75369-EB27-4773-87A9-BFC5E4146C00}.Release|Any CPU.Build.0 = Release|Any CPU
		{6FE75369-EB27-4773-87A9-BFC5E4146C00}.Release|Any CPU.Deploy.0 = Release|Any CPU
		{6FE75369-EB27-4773-87A9-BFC5E4146C00}.Release|iPhone.ActiveCfg = Release|Any CPU
		{6FE75369-EB27-4773-87A9-BFC5E4146C00}.Release|iPhone.Build.0 = Release|Any CPU
		{6FE75369-EB27-4773-87A9-BFC5E4146C00}.Release|iPhone.Deploy.0 = Release|Any CPU
		{6FE75369-EB27-4773-87A9-BFC5E4146C00}.Release|iPhoneSimulator.ActiveCfg = Release|Any CPU
		{6FE75369-EB27-4773-87A9-BFC5E4146C00}.Release|iPhoneSimulator.Build.0 = Release|Any CPU
		{6FE75369-EB27-4773-87A9-BFC5E4146C00}.Release|iPhoneSimulator.Deploy.0 = Release|Any CPU
		{6FDCD264-0B5F-46B5-BDD1-F13276A1905E}.Ad-Hoc|Any CPU.ActiveCfg = Ad-Hoc|iPhone
		{6FDCD264-0B5F-46B5-BDD1-F13276A1905E}.Ad-Hoc|Any CPU.Build.0 = Ad-Hoc|iPhone
		{6FDCD264-0B5F-46B5-BDD1-F13276A1905E}.Ad-Hoc|Any CPU.Deploy.0 = Ad-Hoc|iPhone
		{6FDCD264-0B5F-46B5-BDD1-F13276A1905E}.Ad-Hoc|iPhone.ActiveCfg = Ad-Hoc|iPhone
		{6FDCD264-0B5F-46B5-BDD1-F13276A1905E}.Ad-Hoc|iPhone.Build.0 = Ad-Hoc|iPhone
		{6FDCD264-0B5F-46B5-BDD1-F13276A1905E}.Ad-Hoc|iPhone.Deploy.0 = Ad-Hoc|iPhone
		{6FDCD264-0B5F-46B5-BDD1-F13276A1905E}.Ad-Hoc|iPhoneSimulator.ActiveCfg = Ad-Hoc|iPhoneSimulator
		{6FDCD264-0B5F-46B5-BDD1-F13276A1905E}.Ad-Hoc|iPhoneSimulator.Build.0 = Ad-Hoc|iPhoneSimulator
		{6FDCD264-0B5F-46B5-BDD1-F13276A1905E}.Ad-Hoc|iPhoneSimulator.Deploy.0 = Ad-Hoc|iPhoneSimulator
		{6FDCD264-0B5F-46B5-BDD1-F13276A1905E}.AppStore|Any CPU.ActiveCfg = AppStore|iPhone
		{6FDCD264-0B5F-46B5-BDD1-F13276A1905E}.AppStore|Any CPU.Build.0 = AppStore|iPhone
		{6FDCD264-0B5F-46B5-BDD1-F13276A1905E}.AppStore|Any CPU.Deploy.0 = AppStore|iPhone
		{6FDCD264-0B5F-46B5-BDD1-F13276A1905E}.AppStore|iPhone.ActiveCfg = AppStore|iPhone
		{6FDCD264-0B5F-46B5-BDD1-F13276A1905E}.AppStore|iPhone.Build.0 = AppStore|iPhone
		{6FDCD264-0B5F-46B5-BDD1-F13276A1905E}.AppStore|iPhone.Deploy.0 = AppStore|iPhone
		{6FDCD264-0B5F-46B5-BDD1-F13276A1905E}.AppStore|iPhoneSimulator.ActiveCfg = AppStore|iPhoneSimulator
		{6FDCD264-0B5F-46B5-BDD1-F13276A1905E}.AppStore|iPhoneSimulator.Build.0 = AppStore|iPhoneSimulator
		{6FDCD264-0B5F-46B5-BDD1-F13276A1905E}.AppStore|iPhoneSimulator.Deploy.0 = AppStore|iPhoneSimulator
		{6FDCD264-0B5F-46B5-BDD1-F13276A1905E}.Debug|Any CPU.ActiveCfg = Debug|iPhoneSimulator
		{6FDCD264-0B5F-46B5-BDD1-F13276A1905E}.Debug|Any CPU.Build.0 = Debug|iPhoneSimulator
		{6FDCD264-0B5F-46B5-BDD1-F13276A1905E}.Debug|Any CPU.Deploy.0 = Debug|iPhoneSimulator
		{6FDCD264-0B5F-46B5-BDD1-F13276A1905E}.Debug|iPhone.ActiveCfg = Debug|iPhone
		{6FDCD264-0B5F-46B5-BDD1-F13276A1905E}.Debug|iPhone.Build.0 = Debug|iPhone
		{6FDCD264-0B5F-46B5-BDD1-F13276A1905E}.Debug|iPhone.Deploy.0 = Debug|iPhone
		{6FDCD264-0B5F-46B5-BDD1-F13276A1905E}.Debug|iPhoneSimulator.ActiveCfg = Debug|iPhoneSimulator
		{6FDCD264-0B5F-46B5-BDD1-F13276A1905E}.Debug|iPhoneSimulator.Build.0 = Debug|iPhoneSimulator
		{6FDCD264-0B5F-46B5-BDD1-F13276A1905E}.Debug|iPhoneSimulator.Deploy.0 = Debug|iPhoneSimulator
		{6FDCD264-0B5F-46B5-BDD1-F13276A1905E}.Release|Any CPU.ActiveCfg = Release|iPhone
		{6FDCD264-0B5F-46B5-BDD1-F13276A1905E}.Release|Any CPU.Build.0 = Release|iPhone
		{6FDCD264-0B5F-46B5-BDD1-F13276A1905E}.Release|Any CPU.Deploy.0 = Release|iPhone
		{6FDCD264-0B5F-46B5-BDD1-F13276A1905E}.Release|iPhone.ActiveCfg = Release|iPhone
		{6FDCD264-0B5F-46B5-BDD1-F13276A1905E}.Release|iPhone.Build.0 = Release|iPhone
		{6FDCD264-0B5F-46B5-BDD1-F13276A1905E}.Release|iPhone.Deploy.0 = Release|iPhone
		{6FDCD264-0B5F-46B5-BDD1-F13276A1905E}.Release|iPhoneSimulator.ActiveCfg = Release|iPhoneSimulator
		{6FDCD264-0B5F-46B5-BDD1-F13276A1905E}.Release|iPhoneSimulator.Build.0 = Release|iPhoneSimulator
		{6FDCD264-0B5F-46B5-BDD1-F13276A1905E}.Release|iPhoneSimulator.Deploy.0 = Release|iPhoneSimulator
		{FE30E9B4-01AD-489A-98D0-D1240BA94D09}.Ad-Hoc|Any CPU.ActiveCfg = Debug|Any CPU
		{FE30E9B4-01AD-489A-98D0-D1240BA94D09}.Ad-Hoc|Any CPU.Build.0 = Debug|Any CPU
		{FE30E9B4-01AD-489A-98D0-D1240BA94D09}.Ad-Hoc|Any CPU.Deploy.0 = Debug|Any CPU
		{FE30E9B4-01AD-489A-98D0-D1240BA94D09}.Ad-Hoc|iPhone.ActiveCfg = Debug|Any CPU
		{FE30E9B4-01AD-489A-98D0-D1240BA94D09}.Ad-Hoc|iPhone.Build.0 = Debug|Any CPU
		{FE30E9B4-01AD-489A-98D0-D1240BA94D09}.Ad-Hoc|iPhone.Deploy.0 = Debug|Any CPU
		{FE30E9B4-01AD-489A-98D0-D1240BA94D09}.Ad-Hoc|iPhoneSimulator.ActiveCfg = Debug|Any CPU
		{FE30E9B4-01AD-489A-98D0-D1240BA94D09}.Ad-Hoc|iPhoneSimulator.Build.0 = Debug|Any CPU
		{FE30E9B4-01AD-489A-98D0-D1240BA94D09}.Ad-Hoc|iPhoneSimulator.Deploy.0 = Debug|Any CPU
		{FE30E9B4-01AD-489A-98D0-D1240BA94D09}.AppStore|Any CPU.ActiveCfg = Debug|Any CPU
		{FE30E9B4-01AD-489A-98D0-D1240BA94D09}.AppStore|Any CPU.Build.0 = Debug|Any CPU
		{FE30E9B4-01AD-489A-98D0-D1240BA94D09}.AppStore|Any CPU.Deploy.0 = Debug|Any CPU
		{FE30E9B4-01AD-489A-98D0-D1240BA94D09}.AppStore|iPhone.ActiveCfg = Debug|Any CPU
		{FE30E9B4-01AD-489A-98D0-D1240BA94D09}.AppStore|iPhone.Build.0 = Debug|Any CPU
		{FE30E9B4-01AD-489A-98D0-D1240BA94D09}.AppStore|iPhone.Deploy.0 = Debug|Any CPU
		{FE30E9B4-01AD-489A-98D0-D1240BA94D09}.AppStore|iPhoneSimulator.ActiveCfg = Debug|Any CPU
		{FE30E9B4-01AD-489A-98D0-D1240BA94D09}.AppStore|iPhoneSimulator.Build.0 = Debug|Any CPU
		{FE30E9B4-01AD-489A-98D0-D1240BA94D09}.AppStore|iPhoneSimulator.Deploy.0 = Debug|Any CPU
		{FE30E9B4-01AD-489A-98D0-D1240BA94D09}.Debug|Any CPU.ActiveCfg = Debug|Any CPU
		{FE30E9B4-01AD-489A-98D0-D1240BA94D09}.Debug|Any CPU.Build.0 = Debug|Any CPU
		{FE30E9B4-01AD-489A-98D0-D1240BA94D09}.Debug|Any CPU.Deploy.0 = Debug|Any CPU
		{FE30E9B4-01AD-489A-98D0-D1240BA94D09}.Debug|iPhone.ActiveCfg = Debug|Any CPU
		{FE30E9B4-01AD-489A-98D0-D1240BA94D09}.Debug|iPhone.Build.0 = Debug|Any CPU
		{FE30E9B4-01AD-489A-98D0-D1240BA94D09}.Debug|iPhone.Deploy.0 = Debug|Any CPU
		{FE30E9B4-01AD-489A-98D0-D1240BA94D09}.Debug|iPhoneSimulator.ActiveCfg = Debug|Any CPU
		{FE30E9B4-01AD-489A-98D0-D1240BA94D09}.Debug|iPhoneSimulator.Build.0 = Debug|Any CPU
		{FE30E9B4-01AD-489A-98D0-D1240BA94D09}.Debug|iPhoneSimulator.Deploy.0 = Debug|Any CPU
		{FE30E9B4-01AD-489A-98D0-D1240BA94D09}.Release|Any CPU.ActiveCfg = Release|Any CPU
		{FE30E9B4-01AD-489A-98D0-D1240BA94D09}.Release|Any CPU.Build.0 = Release|Any CPU
		{FE30E9B4-01AD-489A-98D0-D1240BA94D09}.Release|Any CPU.Deploy.0 = Release|Any CPU
		{FE30E9B4-01AD-489A-98D0-D1240BA94D09}.Release|iPhone.ActiveCfg = Release|Any CPU
		{FE30E9B4-01AD-489A-98D0-D1240BA94D09}.Release|iPhone.Build.0 = Release|Any CPU
		{FE30E9B4-01AD-489A-98D0-D1240BA94D09}.Release|iPhone.Deploy.0 = Release|Any CPU
		{FE30E9B4-01AD-489A-98D0-D1240BA94D09}.Release|iPhoneSimulator.ActiveCfg = Release|Any CPU
		{FE30E9B4-01AD-489A-98D0-D1240BA94D09}.Release|iPhoneSimulator.Build.0 = Release|Any CPU
		{FE30E9B4-01AD-489A-98D0-D1240BA94D09}.Release|iPhoneSimulator.Deploy.0 = Release|Any CPU
	EndGlobalSection
	GlobalSection(SolutionProperties) = preSolution
		HideSolutionNode = FALSE
	EndGlobalSection
	GlobalSection(ExtensibilityGlobals) = postSolution
		SolutionGuid = {013AD140-0AD6-450F-91F3-12BB9969DDFB}
	EndGlobalSection
EndGlobal
